Microsoft Visual Studio Solution File, Format Version 12.00
# Visual Studio Version 17
VisualStudioVersion = 17.5.2.0
MinimumVisualStudioVersion = 10.0.40219.1
Project("{FAE04EC0-301F-11D3-BF4B-00C04F79EFBC}") = "OsmDiscoveryApi", "OsmDiscoveryApi\OsmDiscoveryApi.csproj", "{7FD42098-92D0-3749-CF64-E10D4B92605D}"
EndProject
Global
	GlobalSection(SolutionConfigurationPlatforms) = preSolution
		Debug|Any CPU = Debug|Any CPU
		Release|Any CPU = Release|Any CPU
	EndGlobalSection
	GlobalSection(ProjectConfigurationPlatforms) = postSolution
		{7FD42098-92D0-3749-CF64-E10D4B92605D}.Debug|Any CPU.ActiveCfg = Debug|Any CPU
		{7FD42098-92D0-3749-CF64-E10D4B92605D}.Debug|Any CPU.Build.0 = Debug|Any CPU
		{7FD42098-92D0-3749-CF64-E10D4B92605D}.Release|Any CPU.ActiveCfg = Release|Any CPU
		{7FD42098-92D0-3749-CF64-E10D4B92605D}.Release|Any CPU.Build.0 = Release|Any CPU
	EndGlobalSection
	GlobalSection(SolutionProperties) = preSolution
		HideSolutionNode = FALSE
	EndGlobalSection
	GlobalSection(ExtensibilityGlobals) = postSolution
		SolutionGuid = {6966AE01-C162-4987-B545-2DF37D687ABE}
	EndGlobalSection
EndGlobal
